
Microsoft Visual Studio Solution File, Format Version 12.00
# Visual Studio 15
VisualStudioVersion = 15.0.28307.168
MinimumVisualStudioVersion = 10.0.40219.1
Project("{FAE04EC0-301F-11D3-BF4B-00C04F79EFBC}") = "AlergiesV2", "AlergiesV2\AlergiesV2.csproj", "{1864D033-2194-4611-9158-6C2C4038B840}"
EndProject
Global
	GlobalSection(SolutionConfigurationPlatforms) = preSolution
		Debug|Any CPU = Debug|Any CPU
		Release|Any CPU = Release|Any CPU
	EndGlobalSection
	GlobalSection(ProjectConfigurationPlatforms) = postSolution
		{1864D033-2194-4611-9158-6C2C4038B840}.Debug|Any CPU.ActiveCfg = Debug|Any CPU
		{1864D033-2194-4611-9158-6C2C4038B840}.Debug|Any CPU.Build.0 = Debug|Any CPU
		{1864D033-2194-4611-9158-6C2C4038B840}.Release|Any CPU.ActiveCfg = Release|Any CPU
		{1864D033-2194-4611-9158-6C2C4038B840}.Release|Any CPU.Build.0 = Release|Any CPU
	EndGlobalSection
	GlobalSection(SolutionProperties) = preSolution
		HideSolutionNode = FALSE
	EndGlobalSection
	GlobalSection(ExtensibilityGlobals) = postSolution
		SolutionGuid = {C5923BE7-A689-4585-9380-D6ECD1FAB1CA}
	EndGlobalSection
EndGlobal
